# @generated by Move, please check-in and do not edit manually.

[move]
version = 3
manifest_digest = "E6356165DAC9AF367DDA653B460C55504C3E1568D3E85C66F84EB9A0791C48A6"
deps_digest = "060AD7E57DFB13104F21BE5F5C3759D03F0553FC3229247D9A7A6B45F50D03A3"
dependencies = [
  { id = "LegatoMath", name = "LegatoMath" },
  { id = "Sui", name = "Sui" },
  { id = "testsui", name = "testsui" },
]

[[move.package]]
id = "LegatoMath"
source = { local = "../legato_math" }

dependencies = [
  { id = "MoveStdlib", name = "MoveStdlib" },
]

[[move.package]]
id = "MoveStdlib"
source = { git = "https://github.com/MystenLabs/sui.git", rev = "framework/testnet", subdir = "crates/sui-framework/packages/move-stdlib" }

[[move.package]]
id = "Sui"
source = { git = "https://github.com/MystenLabs/sui.git", rev = "framework/testnet", subdir = "crates/sui-framework/packages/sui-framework" }

dependencies = [
  { id = "MoveStdlib", name = "MoveStdlib" },
]

[[move.package]]
id = "testsui"
source = { local = "../testsui" }

dependencies = [
  { id = "Sui", name = "Sui" },
]

[move.toolchain-version]
compiler-version = "1.37.1"
edition = "2024.beta"
flavor = "sui"

[env]

[env.testnet]
chain-id = "4c78adac"
original-published-id = "0x471632d314393f32939fdd0a38b393b9dcc0e83d1ede8ca1b341f319b20c0354"
latest-published-id = "0x471632d314393f32939fdd0a38b393b9dcc0e83d1ede8ca1b341f319b20c0354"
published-version = "1"
