# @generated by Move, please check-in and do not edit manually.

[move]
version = 3
manifest_digest = "C5B72BF084533C51D84E82AFF6BD9870D56FBAAAD75CC64B3DD369AC80EE6A84"
deps_digest = "F9B494B64F0615AED0E98FC12A85B85ECD2BC5185C22D30E7F67786BB52E507C"
dependencies = [
  { id = "CetusClmm", name = "CetusClmm" },
  { id = "LegatoMath", name = "LegatoMath" },
  { id = "Sui", name = "Sui" },
  { id = "testsui", name = "testsui" },
]

[[move.package]]
id = "CetusClmm"
source = { git = "https://github.com/CetusProtocol/cetus-clmm-interface.git", rev = "testnet-v1.25.0", subdir = "sui/cetus_clmm" }

dependencies = [
  { id = "IntegerMate", name = "IntegerMate" },
  { id = "MoveSTL", name = "MoveSTL" },
  { id = "Sui", name = "Sui" },
]

[[move.package]]
id = "IntegerMate"
source = { git = "https://github.com/CetusProtocol/integer-mate.git", rev = "testnet-v1.23.1", subdir = "sui" }

dependencies = [
  { id = "Sui", name = "Sui" },
]

[[move.package]]
id = "LegatoMath"
source = { local = "../legato_math" }

dependencies = [
  { id = "Sui", name = "Sui" },
]

[[move.package]]
id = "MoveSTL"
source = { git = "https://github.com/CetusProtocol/move-stl.git", rev = "testnet-v1.23.1", subdir = "sui" }

dependencies = [
  { id = "Sui", name = "Sui" },
]

[[move.package]]
id = "MoveStdlib"
source = { git = "https://github.com/MystenLabs/sui.git", rev = "mainnet-v1.35.1", subdir = "crates/sui-framework/packages/move-stdlib" }

[[move.package]]
id = "Sui"
source = { git = "https://github.com/MystenLabs/sui.git", rev = "mainnet-v1.35.1", subdir = "crates/sui-framework/packages/sui-framework" }

dependencies = [
  { id = "MoveStdlib", name = "MoveStdlib" },
]

[[move.package]]
id = "testsui"
source = { local = "../testsui" }

dependencies = [
  { id = "Sui", name = "Sui" },
]

[move.toolchain-version]
compiler-version = "1.37.1"
edition = "2024.beta"
flavor = "sui"

[env]

[env.testnet]
chain-id = "4c78adac"
original-published-id = "0xb1fa04fb1c0dd0039108917604f152198a9ad2688dc0318dc158d21cf0527a60"
latest-published-id = "0xb1fa04fb1c0dd0039108917604f152198a9ad2688dc0318dc158d21cf0527a60"
published-version = "1"
